// !$*UTF8*$!
{
	archiveVersion = 1;
	classes = {
	};
	objectVersion = 50;
	objects = {

/* Begin PBXBuildFile section */
		7DC08F3B6F99C68D0DFA586A /* Pods_GalleryUITests.framework in Frameworks */ = {isa = PBXBuildFile; fileRef = 53AA9BD2482A51CAB8813877 /* Pods_GalleryUITests.framework */; };
		954CF20B4E5AFC68C3AA8302 /* Pods_GalleryTests.framework in Frameworks */ = {isa = PBXBuildFile; fileRef = EAFBA1DC74E8FD1E8237BE7F /* Pods_GalleryTests.framework */; };
		99B901993EE1B78CE5680016 /* Pods_Gallery.framework in Frameworks */ = {isa = PBXBuildFile; fileRef = 1CE9C85015EE90454A5142CD /* Pods_Gallery.framework */; };
		CE0BE3B4218B320C000BEFEE /* APIServiceTests.swift in Sources */ = {isa = PBXBuildFile; fileRef = CE0BE3B3218B320C000BEFEE /* APIServiceTests.swift */; };
		CEB40DB62188405300F7D8A8 /* AppDelegate.swift in Sources */ = {isa = PBXBuildFile; fileRef = CEB40DB52188405300F7D8A8 /* AppDelegate.swift */; };
		CEB40DB82188405300F7D8A8 /* ViewController.swift in Sources */ = {isa = PBXBuildFile; fileRef = CEB40DB72188405300F7D8A8 /* ViewController.swift */; };
		CEB40DBB2188405300F7D8A8 /* Main.storyboard in Resources */ = {isa = PBXBuildFile; fileRef = CEB40DB92188405300F7D8A8 /* Main.storyboard */; };
		CEB40DBD2188405400F7D8A8 /* Assets.xcassets in Resources */ = {isa = PBXBuildFile; fileRef = CEB40DBC2188405400F7D8A8 /* Assets.xcassets */; };
		CEB40DC02188405400F7D8A8 /* LaunchScreen.storyboard in Resources */ = {isa = PBXBuildFile; fileRef = CEB40DBE2188405400F7D8A8 /* LaunchScreen.storyboard */; };
		CEB40DCB2188405400F7D8A8 /* GalleryTests.swift in Sources */ = {isa = PBXBuildFile; fileRef = CEB40DCA2188405400F7D8A8 /* GalleryTests.swift */; };
		CEB40DD62188405400F7D8A8 /* GalleryUITests.swift in Sources */ = {isa = PBXBuildFile; fileRef = CEB40DD52188405400F7D8A8 /* GalleryUITests.swift */; };
		CEB40DE52188451700F7D8A8 /* Photo.swift in Sources */ = {isa = PBXBuildFile; fileRef = CEB40DE42188451700F7D8A8 /* Photo.swift */; };
		CEB40DE82188461700F7D8A8 /* APIService.swift in Sources */ = {isa = PBXBuildFile; fileRef = CEB40DE72188461700F7D8A8 /* APIService.swift */; };
		CEB40DEB21884CF500F7D8A8 /* PhotoListViewController.swift in Sources */ = {isa = PBXBuildFile; fileRef = CEB40DEA21884CF500F7D8A8 /* PhotoListViewController.swift */; };
		CEB40DED218860F000F7D8A8 /* content.json in Resources */ = {isa = PBXBuildFile; fileRef = CEB40DEC218860EF00F7D8A8 /* content.json */; };
		CEB40DEF2189491D00F7D8A8 /* PhotoDetailViewController.swift in Sources */ = {isa = PBXBuildFile; fileRef = CEB40DEE2189491D00F7D8A8 /* PhotoDetailViewController.swift */; };
		CEB40DF32189660000F7D8A8 /* PhotoListViewModel.swift in Sources */ = {isa = PBXBuildFile; fileRef = CEB40DF22189660000F7D8A8 /* PhotoListViewModel.swift */; };
/* End PBXBuildFile section */

/* Begin PBXContainerItemProxy section */
		CEB40DC72188405400F7D8A8 /* PBXContainerItemProxy */ = {
			isa = PBXContainerItemProxy;
			containerPortal = CEB40DAA2188405200F7D8A8 /* Project object */;
			proxyType = 1;
			remoteGlobalIDString = CEB40DB12188405200F7D8A8;
			remoteInfo = Gallery;
		};
		CEB40DD22188405400F7D8A8 /* PBXContainerItemProxy */ = {
			isa = PBXContainerItemProxy;
			containerPortal = CEB40DAA2188405200F7D8A8 /* Project object */;
			proxyType = 1;
			remoteGlobalIDString = CEB40DB12188405200F7D8A8;
			remoteInfo = Gallery;
		};
/* End PBXContainerItemProxy section */

/* Begin PBXFileReference section */
		10E0F8F9E7C3C1EBCC413701 /* Pods-GalleryUITests.debug.xcconfig */ = {isa = PBXFileReference; includeInIndex = 1; lastKnownFileType = text.xcconfig; name = "Pods-GalleryUITests.debug.xcconfig"; path = "Pods/Target Support Files/Pods-GalleryUITests/Pods-GalleryUITests.debug.xcconfig"; sourceTree = "<group>"; };
		1CE9C85015EE90454A5142CD /* Pods_Gallery.framework */ = {isa = PBXFileReference; explicitFileType = wrapper.framework; includeInIndex = 0; path = Pods_Gallery.framework; sourceTree = BUILT_PRODUCTS_DIR; };
		39495A570A2FD0C51797884E /* Pods-GalleryTests.debug.xcconfig */ = {isa = PBXFileReference; includeInIndex = 1; lastKnownFileType = text.xcconfig; name = "Pods-GalleryTests.debug.xcconfig"; path = "Pods/Target Support Files/Pods-GalleryTests/Pods-GalleryTests.debug.xcconfig"; sourceTree = "<group>"; };
		53AA9BD2482A51CAB8813877 /* Pods_GalleryUITests.framework */ = {isa = PBXFileReference; explicitFileType = wrapper.framework; includeInIndex = 0; path = Pods_GalleryUITests.framework; sourceTree = BUILT_PRODUCTS_DIR; };
		816ED8F464A2C7952A787A8D /* Pods-Gallery.debug.xcconfig */ = {isa = PBXFileReference; includeInIndex = 1; lastKnownFileType = text.xcconfig; name = "Pods-Gallery.debug.xcconfig"; path = "Pods/Target Support Files/Pods-Gallery/Pods-Gallery.debug.xcconfig"; sourceTree = "<group>"; };
		AEA6DE576040D3C6849783F3 /* Pods-Gallery.release.xcconfig */ = {isa = PBXFileReference; includeInIndex = 1; lastKnownFileType = text.xcconfig; name = "Pods-Gallery.release.xcconfig"; path = "Pods/Target Support Files/Pods-Gallery/Pods-Gallery.release.xcconfig"; sourceTree = "<group>"; };
		BA878D0BA0283BCD90523D55 /* Pods-GalleryTests.release.xcconfig */ = {isa = PBXFileReference; includeInIndex = 1; lastKnownFileType = text.xcconfig; name = "Pods-GalleryTests.release.xcconfig"; path = "Pods/Target Support Files/Pods-GalleryTests/Pods-GalleryTests.release.xcconfig"; sourceTree = "<group>"; };
		C67C321B29BE80A01094463A /* Pods-GalleryUITests.release.xcconfig */ = {isa = PBXFileReference; includeInIndex = 1; lastKnownFileType = text.xcconfig; name = "Pods-GalleryUITests.release.xcconfig"; path = "Pods/Target Support Files/Pods-GalleryUITests/Pods-GalleryUITests.release.xcconfig"; sourceTree = "<group>"; };
		CE0BE3B3218B320C000BEFEE /* APIServiceTests.swift */ = {isa = PBXFileReference; lastKnownFileType = sourcecode.swift; path = APIServiceTests.swift; sourceTree = "<group>"; };
		CEB40DB22188405200F7D8A8 /* Gallery.app */ = {isa = PBXFileReference; explicitFileType = wrapper.application; includeInIndex = 0; path = Gallery.app; sourceTree = BUILT_PRODUCTS_DIR; };
		CEB40DB52188405300F7D8A8 /* AppDelegate.swift */ = {isa = PBXFileReference; lastKnownFileType = sourcecode.swift; path = AppDelegate.swift; sourceTree = "<group>"; };
		CEB40DB72188405300F7D8A8 /* ViewController.swift */ = {isa = PBXFileReference; lastKnownFileType = sourcecode.swift; path = ViewController.swift; sourceTree = "<group>"; };
		CEB40DBA2188405300F7D8A8 /* Base */ = {isa = PBXFileReference; lastKnownFileType = file.storyboard; name = Base; path = Base.lproj/Main.storyboard; sourceTree = "<group>"; };
		CEB40DBC2188405400F7D8A8 /* Assets.xcassets */ = {isa = PBXFileReference; lastKnownFileType = folder.assetcatalog; path = Assets.xcassets; sourceTree = "<group>"; };
		CEB40DBF2188405400F7D8A8 /* Base */ = {isa = PBXFileReference; lastKnownFileType = file.storyboard; name = Base; path = Base.lproj/LaunchScreen.storyboard; sourceTree = "<group>"; };
		CEB40DC12188405400F7D8A8 /* Info.plist */ = {isa = PBXFileReference; lastKnownFileType = text.plist.xml; path = Info.plist; sourceTree = "<group>"; };
		CEB40DC62188405400F7D8A8 /* GalleryTests.xctest */ = {isa = PBXFileReference; explicitFileType = wrapper.cfbundle; includeInIndex = 0; path = GalleryTests.xctest; sourceTree = BUILT_PRODUCTS_DIR; };
		CEB40DCA2188405400F7D8A8 /* GalleryTests.swift */ = {isa = PBXFileReference; lastKnownFileType = sourcecode.swift; path = GalleryTests.swift; sourceTree = "<group>"; };
		CEB40DCC2188405400F7D8A8 /* Info.plist */ = {isa = PBXFileReference; lastKnownFileType = text.plist.xml; path = Info.plist; sourceTree = "<group>"; };
		CEB40DD12188405400F7D8A8 /* GalleryUITests.xctest */ = {isa = PBXFileReference; explicitFileType = wrapper.cfbundle; includeInIndex = 0; path = GalleryUITests.xctest; sourceTree = BUILT_PRODUCTS_DIR; };
		CEB40DD52188405400F7D8A8 /* GalleryUITests.swift */ = {isa = PBXFileReference; lastKnownFileType = sourcecode.swift; path = GalleryUITests.swift; sourceTree = "<group>"; };
		CEB40DD72188405400F7D8A8 /* Info.plist */ = {isa = PBXFileReference; lastKnownFileType = text.plist.xml; path = Info.plist; sourceTree = "<group>"; };
		CEB40DE42188451700F7D8A8 /* Photo.swift */ = {isa = PBXFileReference; lastKnownFileType = sourcecode.swift; path = Photo.swift; sourceTree = "<group>"; };
		CEB40DE72188461700F7D8A8 /* APIService.swift */ = {isa = PBXFileReference; lastKnownFileType = sourcecode.swift; path = APIService.swift; sourceTree = "<group>"; };
		CEB40DEA21884CF500F7D8A8 /* PhotoListViewController.swift */ = {isa = PBXFileReference; lastKnownFileType = sourcecode.swift; path = PhotoListViewController.swift; sourceTree = "<group>"; };
		CEB40DEC218860EF00F7D8A8 /* content.json */ = {isa = PBXFileReference; fileEncoding = 4; lastKnownFileType = text.json; path = content.json; sourceTree = "<group>"; };
		CEB40DEE2189491D00F7D8A8 /* PhotoDetailViewController.swift */ = {isa = PBXFileReference; lastKnownFileType = sourcecode.swift; path = PhotoDetailViewController.swift; sourceTree = "<group>"; };
		CEB40DF22189660000F7D8A8 /* PhotoListViewModel.swift */ = {isa = PBXFileReference; lastKnownFileType = sourcecode.swift; path = PhotoListViewModel.swift; sourceTree = "<group>"; };
		EAFBA1DC74E8FD1E8237BE7F /* Pods_GalleryTests.framework */ = {isa = PBXFileReference; explicitFileType = wrapper.framework; includeInIndex = 0; path = Pods_GalleryTests.framework; sourceTree = BUILT_PRODUCTS_DIR; };
/* End PBXFileReference section */

/* Begin PBXFrameworksBuildPhase section */
		CEB40DAF2188405200F7D8A8 /* Frameworks */ = {
			isa = PBXFrameworksBuildPhase;
			buildActionMask = 2147483647;
			files = (
				99B901993EE1B78CE5680016 /* Pods_Gallery.framework in Frameworks */,
			);
			runOnlyForDeploymentPostprocessing = 0;
		};
		CEB40DC32188405400F7D8A8 /* Frameworks */ = {
			isa = PBXFrameworksBuildPhase;
			buildActionMask = 2147483647;
			files = (
				954CF20B4E5AFC68C3AA8302 /* Pods_GalleryTests.framework in Frameworks */,
			);
			runOnlyForDeploymentPostprocessing = 0;
		};
		CEB40DCE2188405400F7D8A8 /* Frameworks */ = {
			isa = PBXFrameworksBuildPhase;
			buildActionMask = 2147483647;
			files = (
				7DC08F3B6F99C68D0DFA586A /* Pods_GalleryUITests.framework in Frameworks */,
			);
			runOnlyForDeploymentPostprocessing = 0;
		};
/* End PBXFrameworksBuildPhase section */

/* Begin PBXGroup section */
		967F1ACB7765834F802D6275 /* Pods */ = {
			isa = PBXGroup;
			children = (
				816ED8F464A2C7952A787A8D /* Pods-Gallery.debug.xcconfig */,
				AEA6DE576040D3C6849783F3 /* Pods-Gallery.release.xcconfig */,
				39495A570A2FD0C51797884E /* Pods-GalleryTests.debug.xcconfig */,
				BA878D0BA0283BCD90523D55 /* Pods-GalleryTests.release.xcconfig */,
				10E0F8F9E7C3C1EBCC413701 /* Pods-GalleryUITests.debug.xcconfig */,
				C67C321B29BE80A01094463A /* Pods-GalleryUITests.release.xcconfig */,
			);
			name = Pods;
			sourceTree = "<group>";
		};
		A8745CFC1F33678B53D4A211 /* Frameworks */ = {
			isa = PBXGroup;
			children = (
				1CE9C85015EE90454A5142CD /* Pods_Gallery.framework */,
				EAFBA1DC74E8FD1E8237BE7F /* Pods_GalleryTests.framework */,
				53AA9BD2482A51CAB8813877 /* Pods_GalleryUITests.framework */,
			);
			name = Frameworks;
			sourceTree = "<group>";
		};
		CEB40DA92188405200F7D8A8 = {
			isa = PBXGroup;
			children = (
				CEB40DB42188405200F7D8A8 /* Gallery */,
				CEB40DC92188405400F7D8A8 /* GalleryTests */,
				CEB40DD42188405400F7D8A8 /* GalleryUITests */,
				CEB40DB32188405200F7D8A8 /* Products */,
				967F1ACB7765834F802D6275 /* Pods */,
				A8745CFC1F33678B53D4A211 /* Frameworks */,
			);
			sourceTree = "<group>";
		};
		CEB40DB32188405200F7D8A8 /* Products */ = {
			isa = PBXGroup;
			children = (
				CEB40DB22188405200F7D8A8 /* Gallery.app */,
				CEB40DC62188405400F7D8A8 /* GalleryTests.xctest */,
				CEB40DD12188405400F7D8A8 /* GalleryUITests.xctest */,
			);
			name = Products;
			sourceTree = "<group>";
		};
		CEB40DB42188405200F7D8A8 /* Gallery */ = {
			isa = PBXGroup;
			children = (
				CEB40DE921884C9E00F7D8A8 /* Module */,
				CEB40DE62188460200F7D8A8 /* Service */,
				CEB40DE32188450A00F7D8A8 /* Model */,
				CEB40DB52188405300F7D8A8 /* AppDelegate.swift */,
				CEB40DB72188405300F7D8A8 /* ViewController.swift */,
				CEB40DB92188405300F7D8A8 /* Main.storyboard */,
				CEB40DBC2188405400F7D8A8 /* Assets.xcassets */,
				CEB40DBE2188405400F7D8A8 /* LaunchScreen.storyboard */,
				CEB40DC12188405400F7D8A8 /* Info.plist */,
			);
			path = Gallery;
			sourceTree = "<group>";
		};
		CEB40DC92188405400F7D8A8 /* GalleryTests */ = {
			isa = PBXGroup;
			children = (
				CE0BE3B3218B320C000BEFEE /* APIServiceTests.swift */,
				CEB40DCA2188405400F7D8A8 /* GalleryTests.swift */,
				CEB40DCC2188405400F7D8A8 /* Info.plist */,
			);
			path = GalleryTests;
			sourceTree = "<group>";
		};
		CEB40DD42188405400F7D8A8 /* GalleryUITests */ = {
			isa = PBXGroup;
			children = (
				CEB40DD52188405400F7D8A8 /* GalleryUITests.swift */,
				CEB40DD72188405400F7D8A8 /* Info.plist */,
			);
			path = GalleryUITests;
			sourceTree = "<group>";
		};
		CEB40DE32188450A00F7D8A8 /* Model */ = {
			isa = PBXGroup;
			children = (
				CEB40DE42188451700F7D8A8 /* Photo.swift */,
			);
			path = Model;
			sourceTree = "<group>";
		};
		CEB40DE62188460200F7D8A8 /* Service */ = {
			isa = PBXGroup;
			children = (
				CEB40DEC218860EF00F7D8A8 /* content.json */,
				CEB40DE72188461700F7D8A8 /* APIService.swift */,
			);
			path = Service;
			sourceTree = "<group>";
		};
		CEB40DE921884C9E00F7D8A8 /* Module */ = {
			isa = PBXGroup;
			children = (
				CEB40DF22189660000F7D8A8 /* PhotoListViewModel.swift */,
				CEB40DEA21884CF500F7D8A8 /* PhotoListViewController.swift */,
				CEB40DEE2189491D00F7D8A8 /* PhotoDetailViewController.swift */,
			);
			path = Module;
			sourceTree = "<group>";
		};
/* End PBXGroup section */

/* Begin PBXNativeTarget section */
		CEB40DB12188405200F7D8A8 /* Gallery */ = {
			isa = PBXNativeTarget;
			buildConfigurationList = CEB40DDA2188405400F7D8A8 /* Build configuration list for PBXNativeTarget "Gallery" */;
			buildPhases = (
				0C69C162515B755C7A58F246 /* [CP] Check Pods Manifest.lock */,
				CEB40DAE2188405200F7D8A8 /* Sources */,
				CEB40DAF2188405200F7D8A8 /* Frameworks */,
				CEB40DB02188405200F7D8A8 /* Resources */,
				91F88DA2BBECF189E873F5B8 /* [CP] Embed Pods Frameworks */,
			);
			buildRules = (
			);
			dependencies = (
			);
			name = Gallery;
			productName = Gallery;
			productReference = CEB40DB22188405200F7D8A8 /* Gallery.app */;
			productType = "com.apple.product-type.application";
		};
		CEB40DC52188405400F7D8A8 /* GalleryTests */ = {
			isa = PBXNativeTarget;
			buildConfigurationList = CEB40DDD2188405400F7D8A8 /* Build configuration list for PBXNativeTarget "GalleryTests" */;
			buildPhases = (
				3B63468F6B479A6A7409A82D /* [CP] Check Pods Manifest.lock */,
				CEB40DC22188405400F7D8A8 /* Sources */,
				CEB40DC32188405400F7D8A8 /* Frameworks */,
				CEB40DC42188405400F7D8A8 /* Resources */,
			);
			buildRules = (
			);
			dependencies = (
				CEB40DC82188405400F7D8A8 /* PBXTargetDependency */,
			);
			name = GalleryTests;
			productName = GalleryTests;
			productReference = CEB40DC62188405400F7D8A8 /* GalleryTests.xctest */;
			productType = "com.apple.product-type.bundle.unit-test";
		};
		CEB40DD02188405400F7D8A8 /* GalleryUITests */ = {
			isa = PBXNativeTarget;
			buildConfigurationList = CEB40DE02188405400F7D8A8 /* Build configuration list for PBXNativeTarget "GalleryUITests" */;
			buildPhases = (
				4C17536095D8AB317D4C2EEA /* [CP] Check Pods Manifest.lock */,
				CEB40DCD2188405400F7D8A8 /* Sources */,
				CEB40DCE2188405400F7D8A8 /* Frameworks */,
				CEB40DCF2188405400F7D8A8 /* Resources */,
			);
			buildRules = (
			);
			dependencies = (
				CEB40DD32188405400F7D8A8 /* PBXTargetDependency */,
			);
			name = GalleryUITests;
			productName = GalleryUITests;
			productReference = CEB40DD12188405400F7D8A8 /* GalleryUITests.xctest */;
			productType = "com.apple.product-type.bundle.ui-testing";
		};
/* End PBXNativeTarget section */

/* Begin PBXProject section */
		CEB40DAA2188405200F7D8A8 /* Project object */ = {
			isa = PBXProject;
			attributes = {
				LastSwiftUpdateCheck = 1000;
				LastUpgradeCheck = 1000;
				ORGANIZATIONNAME = Macchier;
				TargetAttributes = {
					CEB40DB12188405200F7D8A8 = {
						CreatedOnToolsVersion = 10.0;
					};
					CEB40DC52188405400F7D8A8 = {
						CreatedOnToolsVersion = 10.0;
						TestTargetID = CEB40DB12188405200F7D8A8;
					};
					CEB40DD02188405400F7D8A8 = {
						CreatedOnToolsVersion = 10.0;
						TestTargetID = CEB40DB12188405200F7D8A8;
					};
				};
			};
			buildConfigurationList = CEB40DAD2188405200F7D8A8 /* Build configuration list for PBXProject "Gallery" */;
			compatibilityVersion = "Xcode 9.3";
			developmentRegion = en;
			hasScannedForEncodings = 0;
			knownRegions = (
				en,
				Base,
			);
			mainGroup = CEB40DA92188405200F7D8A8;
			productRefGroup = CEB40DB32188405200F7D8A8 /* Products */;
			projectDirPath = "";
			projectRoot = "";
			targets = (
				CEB40DB12188405200F7D8A8 /* Gallery */,
				CEB40DC52188405400F7D8A8 /* GalleryTests */,
				CEB40DD02188405400F7D8A8 /* GalleryUITests */,
			);
		};
/* End PBXProject section */

/* Begin PBXResourcesBuildPhase section */
		CEB40DB02188405200F7D8A8 /* Resources */ = {
			isa = PBXResourcesBuildPhase;
			buildActionMask = 2147483647;
			files = (
				CEB40DC02188405400F7D8A8 /* LaunchScreen.storyboard in Resources */,
				CEB40DBD2188405400F7D8A8 /* Assets.xcassets in Resources */,
				CEB40DBB2188405300F7D8A8 /* Main.storyboard in Resources */,
				CEB40DED218860F000F7D8A8 /* content.json in Resources */,
			);
			runOnlyForDeploymentPostprocessing = 0;
		};
		CEB40DC42188405400F7D8A8 /* Resources */ = {
			isa = PBXResourcesBuildPhase;
			buildActionMask = 2147483647;
			files = (
			);
			runOnlyForDeploymentPostprocessing = 0;
		};
		CEB40DCF2188405400F7D8A8 /* Resources */ = {
			isa = PBXResourcesBuildPhase;
			buildActionMask = 2147483647;
			files = (
			);
			runOnlyForDeploymentPostprocessing = 0;
		};
/* End PBXResourcesBuildPhase section */

/* Begin PBXShellScriptBuildPhase section */
		0C69C162515B755C7A58F246 /* [CP] Check Pods Manifest.lock */ = {
			isa = PBXShellScriptBuildPhase;
			buildActionMask = 2147483647;
			files = (
			);
			inputPaths = (
				"${PODS_PODFILE_DIR_PATH}/Podfile.lock",
				"${PODS_ROOT}/Manifest.lock",
			);
			name = "[CP] Check Pods Manifest.lock";
			outputPaths = (
				"$(DERIVED_FILE_DIR)/Pods-Gallery-checkManifestLockResult.txt",
			);
			runOnlyForDeploymentPostprocessing = 0;
			shellPath = /bin/sh;
			shellScript = "diff \"${PODS_PODFILE_DIR_PATH}/Podfile.lock\" \"${PODS_ROOT}/Manifest.lock\" > /dev/null\nif [ $? != 0 ] ; then\n    # print error to STDERR\n    echo \"error: The sandbox is not in sync with the Podfile.lock. Run 'pod install' or update your CocoaPods installation.\" >&2\n    exit 1\nfi\n# This output is used by Xcode 'outputs' to avoid re-running this script phase.\necho \"SUCCESS\" > \"${SCRIPT_OUTPUT_FILE_0}\"\n";
			showEnvVarsInLog = 0;
		};
		3B63468F6B479A6A7409A82D /* [CP] Check Pods Manifest.lock */ = {
			isa = PBXShellScriptBuildPhase;
			buildActionMask = 2147483647;
			files = (
			);
			inputPaths = (
				"${PODS_PODFILE_DIR_PATH}/Podfile.lock",
				"${PODS_ROOT}/Manifest.lock",
			);
			name = "[CP] Check Pods Manifest.lock";
			outputPaths = (
				"$(DERIVED_FILE_DIR)/Pods-GalleryTests-checkManifestLockResult.txt",
			);
			runOnlyForDeploymentPostprocessing = 0;
			shellPath = /bin/sh;
			shellScript = "diff \"${PODS_PODFILE_DIR_PATH}/Podfile.lock\" \"${PODS_ROOT}/Manifest.lock\" > /dev/null\nif [ $? != 0 ] ; then\n    # print error to STDERR\n    echo \"error: The sandbox is not in sync with the Podfile.lock. Run 'pod install' or update your CocoaPods installation.\" >&2\n    exit 1\nfi\n# This output is used by Xcode 'outputs' to avoid re-running this script phase.\necho \"SUCCESS\" > \"${SCRIPT_OUTPUT_FILE_0}\"\n";
			showEnvVarsInLog = 0;
		};
		4C17536095D8AB317D4C2EEA /* [CP] Check Pods Manifest.lock */ = {
			isa = PBXShellScriptBuildPhase;
			buildActionMask = 2147483647;
			files = (
			);
			inputPaths = (
				"${PODS_PODFILE_DIR_PATH}/Podfile.lock",
				"${PODS_ROOT}/Manifest.lock",
			);
			name = "[CP] Check Pods Manifest.lock";
			outputPaths = (
				"$(DERIVED_FILE_DIR)/Pods-GalleryUITests-checkManifestLockResult.txt",
			);
			runOnlyForDeploymentPostprocessing = 0;
			shellPath = /bin/sh;
			shellScript = "diff \"${PODS_PODFILE_DIR_PATH}/Podfile.lock\" \"${PODS_ROOT}/Manifest.lock\" > /dev/null\nif [ $? != 0 ] ; then\n    # print error to STDERR\n    echo \"error: The sandbox is not in sync with the Podfile.lock. Run 'pod install' or update your CocoaPods installation.\" >&2\n    exit 1\nfi\n# This output is used by Xcode 'outputs' to avoid re-running this script phase.\necho \"SUCCESS\" > \"${SCRIPT_OUTPUT_FILE_0}\"\n";
			showEnvVarsInLog = 0;
		};
		91F88DA2BBECF189E873F5B8 /* [CP] Embed Pods Frameworks */ = {
			isa = PBXShellScriptBuildPhase;
			buildActionMask = 2147483647;
			files = (
			);
			inputPaths = (
				"${SRCROOT}/Pods/Target Support Files/Pods-Gallery/Pods-Gallery-frameworks.sh",
				"${BUILT_PRODUCTS_DIR}/SDWebImage/SDWebImage.framework",
			);
			name = "[CP] Embed Pods Frameworks";
			outputPaths = (
				"${TARGET_BUILD_DIR}/${FRAMEWORKS_FOLDER_PATH}/SDWebImage.framework",
			);
			runOnlyForDeploymentPostprocessing = 0;
			shellPath = /bin/sh;
			shellScript = "\"${SRCROOT}/Pods/Target Support Files/Pods-Gallery/Pods-Gallery-frameworks.sh\"\n";
			showEnvVarsInLog = 0;
		};
/* End PBXShellScriptBuildPhase section */

/* Begin PBXSourcesBuildPhase section */
		CEB40DAE2188405200F7D8A8 /* Sources */ = {
			isa = PBXSourcesBuildPhase;
			buildActionMask = 2147483647;
			files = (
				CEB40DEF2189491D00F7D8A8 /* PhotoDetailViewController.swift in Sources */,
				CEB40DEB21884CF500F7D8A8 /* PhotoListViewController.swift in Sources */,
				CEB40DE52188451700F7D8A8 /* Photo.swift in Sources */,
				CEB40DB82188405300F7D8A8 /* ViewController.swift in Sources */,
				CEB40DE82188461700F7D8A8 /* APIService.swift in Sources */,
				CEB40DB62188405300F7D8A8 /* AppDelegate.swift in Sources */,
				CEB40DF32189660000F7D8A8 /* PhotoListViewModel.swift in Sources */,
			);
			runOnlyForDeploymentPostprocessing = 0;
		};
		CEB40DC22188405400F7D8A8 /* Sources */ = {
			isa = PBXSourcesBuildPhase;
			buildActionMask = 2147483647;
			files = (
				CE0BE3B4218B320C000BEFEE /* APIServiceTests.swift in Sources */,
				CEB40DCB2188405400F7D8A8 /* GalleryTests.swift in Sources */,
			);
			runOnlyForDeploymentPostprocessing = 0;
		};
		CEB40DCD2188405400F7D8A8 /* Sources */ = {
			isa = PBXSourcesBuildPhase;
			buildActionMask = 2147483647;
			files = (
				CEB40DD62188405400F7D8A8 /* GalleryUITests.swift in Sources */,
			);
			runOnlyForDeploymentPostprocessing = 0;
		};
/* End PBXSourcesBuildPhase section */

/* Begin PBXTargetDependency section */
		CEB40DC82188405400F7D8A8 /* PBXTargetDependency */ = {
			isa = PBXTargetDependency;
			target = CEB40DB12188405200F7D8A8 /* Gallery */;
			targetProxy = CEB40DC72188405400F7D8A8 /* PBXContainerItemProxy */;
		};
		CEB40DD32188405400F7D8A8 /* PBXTargetDependency */ = {
			isa = PBXTargetDependency;
			target = CEB40DB12188405200F7D8A8 /* Gallery */;
			targetProxy = CEB40DD22188405400F7D8A8 /* PBXContainerItemProxy */;
		};
/* End PBXTargetDependency section */

/* Begin PBXVariantGroup section */
		CEB40DB92188405300F7D8A8 /* Main.storyboard */ = {
			isa = PBXVariantGroup;
			children = (
				CEB40DBA2188405300F7D8A8 /* Base */,
			);
			name = Main.storyboard;
			sourceTree = "<group>";
		};
		CEB40DBE2188405400F7D8A8 /* LaunchScreen.storyboard */ = {
			isa = PBXVariantGroup;
			children = (
				CEB40DBF2188405400F7D8A8 /* Base */,
			);
			name = LaunchScreen.storyboard;
			sourceTree = "<group>";
		};
/* End PBXVariantGroup section */

/* Begin XCBuildConfiguration section */
		CEB40DD82188405400F7D8A8 /* Debug */ = {
			isa = XCBuildConfiguration;
			buildSettings = {
				ALWAYS_SEARCH_USER_PATHS = NO;
				CLANG_ANALYZER_NONNULL = YES;
				CLANG_ANALYZER_NUMBER_OBJECT_CONVERSION = YES_AGGRESSIVE;
				CLANG_CXX_LANGUAGE_STANDARD = "gnu++14";
				CLANG_CXX_LIBRARY = "libc++";
				CLANG_ENABLE_MODULES = YES;
				CLANG_ENABLE_OBJC_ARC = YES;
				CLANG_ENABLE_OBJC_WEAK = YES;
				CLANG_WARN_BLOCK_CAPTURE_AUTORELEASING = YES;
				CLANG_WARN_BOOL_CONVERSION = YES;
				CLANG_WARN_COMMA = YES;
				CLANG_WARN_CONSTANT_CONVERSION = YES;
				CLANG_WARN_DEPRECATED_OBJC_IMPLEMENTATIONS = YES;
				CLANG_WARN_DIRECT_OBJC_ISA_USAGE = YES_ERROR;
				CLANG_WARN_DOCUMENTATION_COMMENTS = YES;
				CLANG_WARN_EMPTY_BODY = YES;
				CLANG_WARN_ENUM_CONVERSION = YES;
				CLANG_WARN_INFINITE_RECURSION = YES;
				CLANG_WARN_INT_CONVERSION = YES;
				CLANG_WARN_NON_LITERAL_NULL_CONVERSION = YES;
				CLANG_WARN_OBJC_IMPLICIT_RETAIN_SELF = YES;
				CLANG_WARN_OBJC_LITERAL_CONVERSION = YES;
				CLANG_WARN_OBJC_ROOT_CLASS = YES_ERROR;
				CLANG_WARN_RANGE_LOOP_ANALYSIS = YES;
				CLANG_WARN_STRICT_PROTOTYPES = YES;
				CLANG_WARN_SUSPICIOUS_MOVE = YES;
				CLANG_WARN_UNGUARDED_AVAILABILITY = YES_AGGRESSIVE;
				CLANG_WARN_UNREACHABLE_CODE = YES;
				CLANG_WARN__DUPLICATE_METHOD_MATCH = YES;
				CODE_SIGN_IDENTITY = "iPhone Developer";
				COPY_PHASE_STRIP = NO;
				DEBUG_INFORMATION_FORMAT = dwarf;
				ENABLE_STRICT_OBJC_MSGSEND = YES;
				ENABLE_TESTABILITY = YES;
				GCC_C_LANGUAGE_STANDARD = gnu11;
				GCC_DYNAMIC_NO_PIC = NO;
				GCC_NO_COMMON_BLOCKS = YES;
				GCC_OPTIMIZATION_LEVEL = 0;
				GCC_PREPROCESSOR_DEFINITIONS = (
					"DEBUG=1",
					"$(inherited)",
				);
				GCC_WARN_64_TO_32_BIT_CONVERSION = YES;
				GCC_WARN_ABOUT_RETURN_TYPE = YES_ERROR;
				GCC_WARN_UNDECLARED_SELECTOR = YES;
				GCC_WARN_UNINITIALIZED_AUTOS = YES_AGGRESSIVE;
				GCC_WARN_UNUSED_FUNCTION = YES;
				GCC_WARN_UNUSED_VARIABLE = YES;
				IPHONEOS_DEPLOYMENT_TARGET = 12.0;
				MTL_ENABLE_DEBUG_INFO = INCLUDE_SOURCE;
				MTL_FAST_MATH = YES;
				ONLY_ACTIVE_ARCH = YES;
				SDKROOT = iphoneos;
				SWIFT_ACTIVE_COMPILATION_CONDITIONS = DEBUG;
				SWIFT_OPTIMIZATION_LEVEL = "-Onone";
			};
			name = Debug;
		};
		CEB40DD92188405400F7D8A8 /* Release */ = {
			isa = XCBuildConfiguration;
			buildSettings = {
				ALWAYS_SEARCH_USER_PATHS = NO;
				CLANG_ANALYZER_NONNULL = YES;
				CLANG_ANALYZER_NUMBER_OBJECT_CONVERSION = YES_AGGRESSIVE;
				CLANG_CXX_LANGUAGE_STANDARD = "gnu++14";
				CLANG_CXX_LIBRARY = "libc++";
				CLANG_ENABLE_MODULES = YES;
				CLANG_ENABLE_OBJC_ARC = YES;
				CLANG_ENABLE_OBJC_WEAK = YES;
				CLANG_WARN_BLOCK_CAPTURE_AUTORELEASING = YES;
				CLANG_WARN_BOOL_CONVERSION = YES;
				CLANG_WARN_COMMA = YES;
				CLANG_WARN_CONSTANT_CONVERSION = YES;
				CLANG_WARN_DEPRECATED_OBJC_IMPLEMENTATIONS = YES;
				CLANG_WARN_DIRECT_OBJC_ISA_USAGE = YES_ERROR;
				CLANG_WARN_DOCUMENTATION_COMMENTS = YES;
				CLANG_WARN_EMPTY_BODY = YES;
				CLANG_WARN_ENUM_CONVERSION = YES;
				CLANG_WARN_INFINITE_RECURSION = YES;
				CLANG_WARN_INT_CONVERSION = YES;
				CLANG_WARN_NON_LITERAL_NULL_CONVERSION = YES;
				CLANG_WARN_OBJC_IMPLICIT_RETAIN_SELF = YES;
				CLANG_WARN_OBJC_LITERAL_CONVERSION = YES;
				CLANG_WARN_OBJC_ROOT_CLASS = YES_ERROR;
				CLANG_WARN_RANGE_LOOP_ANALYSIS = YES;
				CLANG_WARN_STRICT_PROTOTYPES = YES;
				CLANG_WARN_SUSPICIOUS_MOVE = YES;
				CLANG_WARN_UNGUARDED_AVAILABILITY = YES_AGGRESSIVE;
				CLANG_WARN_UNREACHABLE_CODE = YES;
				CLANG_WARN__DUPLICATE_METHOD_MATCH = YES;
				CODE_SIGN_IDENTITY = "iPhone Developer";
				COPY_PHASE_STRIP = NO;
				DEBUG_INFORMATION_FORMAT = "dwarf-with-dsym";
				ENABLE_NS_ASSERTIONS = NO;
				ENABLE_STRICT_OBJC_MSGSEND = YES;
				GCC_C_LANGUAGE_STANDARD = gnu11;
				GCC_NO_COMMON_BLOCKS = YES;
				GCC_WARN_64_TO_32_BIT_CONVERSION = YES;
				GCC_WARN_ABOUT_RETURN_TYPE = YES_ERROR;
				GCC_WARN_UNDECLARED_SELECTOR = YES;
				GCC_WARN_UNINITIALIZED_AUTOS = YES_AGGRESSIVE;
				GCC_WARN_UNUSED_FUNCTION = YES;
				GCC_WARN_UNUSED_VARIABLE = YES;
				IPHONEOS_DEPLOYMENT_TARGET = 12.0;
				MTL_ENABLE_DEBUG_INFO = NO;
				MTL_FAST_MATH = YES;
				SDKROOT = iphoneos;
				SWIFT_COMPILATION_MODE = wholemodule;
				SWIFT_OPTIMIZATION_LEVEL = "-O";
				VALIDATE_PRODUCT = YES;
			};
			name = Release;
		};
		CEB40DDB2188405400F7D8A8 /* Debug */ = {
			isa = XCBuildConfiguration;
			baseConfigurationReference = 816ED8F464A2C7952A787A8D /* Pods-Gallery.debug.xcconfig */;
			buildSettings = {
				ASSETCATALOG_COMPILER_APPICON_NAME = AppIcon;
				CODE_SIGN_STYLE = Automatic;
				DEVELOPMENT_TEAM = C2SHQVRLZV;
				INFOPLIST_FILE = Gallery/Info.plist;
				IPHONEOS_DEPLOYMENT_TARGET = 10.0;
				LD_RUNPATH_SEARCH_PATHS = (
					"$(inherited)",
					"@executable_path/Frameworks",
				);
				PRODUCT_BUNDLE_IDENTIFIER = com.Macchier.Gallery;
				PRODUCT_NAME = "$(TARGET_NAME)";
				SWIFT_VERSION = 4.2;
				TARGETED_DEVICE_FAMILY = "1,2";
			};
			name = Debug;
		};
		CEB40DDC2188405400F7D8A8 /* Release */ = {
			isa = XCBuildConfiguration;
			baseConfigurationReference = AEA6DE576040D3C6849783F3 /* Pods-Gallery.release.xcconfig */;
			buildSettings = {
				ASSETCATALOG_COMPILER_APPICON_NAME = AppIcon;
				CODE_SIGN_STYLE = Automatic;
				DEVELOPMENT_TEAM = C2SHQVRLZV;
				INFOPLIST_FILE = Gallery/Info.plist;
				IPHONEOS_DEPLOYMENT_TARGET = 10.0;
				LD_RUNPATH_SEARCH_PATHS = (
					"$(inherited)",
					"@executable_path/Frameworks",
				);
				PRODUCT_BUNDLE_IDENTIFIER = com.Macchier.Gallery;
				PRODUCT_NAME = "$(TARGET_NAME)";
				SWIFT_VERSION = 4.2;
				TARGETED_DEVICE_FAMILY = "1,2";
			};
			name = Release;
		};
		CEB40DDE2188405400F7D8A8 /* Debug */ = {
			isa = XCBuildConfiguration;
			baseConfigurationReference = 39495A570A2FD0C51797884E /* Pods-GalleryTests.debug.xcconfig */;
			buildSettings = {
				ALWAYS_EMBED_SWIFT_STANDARD_LIBRARIES = YES;
				BUNDLE_LOADER = "$(TEST_HOST)";
				CODE_SIGN_STYLE = Automatic;
				DEVELOPMENT_TEAM = C2SHQVRLZV;
				INFOPLIST_FILE = GalleryTests/Info.plist;
				LD_RUNPATH_SEARCH_PATHS = (
					"$(inherited)",
					"@executable_path/Frameworks",
					"@loader_path/Frameworks",
				);
				PRODUCT_BUNDLE_IDENTIFIER = com.Macchier.GalleryTests;
				PRODUCT_NAME = "$(TARGET_NAME)";
				SWIFT_VERSION = 4.2;
				TARGETED_DEVICE_FAMILY = "1,2";
				TEST_HOST = "$(BUILT_PRODUCTS_DIR)/Gallery.app/Gallery";
			};
			name = Debug;
		};
		CEB40DDF2188405400F7D8A8 /* Release */ = {
			isa = XCBuildConfiguration;
			baseConfigurationReference = BA878D0BA0283BCD90523D55 /* Pods-GalleryTests.release.xcconfig */;
			buildSettings = {
				ALWAYS_EMBED_SWIFT_STANDARD_LIBRARIES = YES;
				BUNDLE_LOADER = "$(TEST_HOST)";
				CODE_SIGN_STYLE = Automatic;
				DEVELOPMENT_TEAM = C2SHQVRLZV;
				INFOPLIST_FILE = GalleryTests/Info.plist;
				LD_RUNPATH_SEARCH_PATHS = (
					"$(inherited)",
					"@executable_path/Frameworks",
					"@loader_path/Frameworks",
				);
				PRODUCT_BUNDLE_IDENTIFIER = com.Macchier.GalleryTests;
				PRODUCT_NAME = "$(TARGET_NAME)";
				SWIFT_VERSION = 4.2;
				TARGETED_DEVICE_FAMILY = "1,2";
				TEST_HOST = "$(BUILT_PRODUCTS_DIR)/Gallery.app/Gallery";
			};
			name = Release;
		};
		CEB40DE12188405400F7D8A8 /* Debug */ = {
			isa = XCBuildConfiguration;
			baseConfigurationReference = 10E0F8F9E7C3C1EBCC413701 /* Pods-GalleryUITests.debug.xcconfig */;
			buildSettings = {
				ALWAYS_EMBED_SWIFT_STANDARD_LIBRARIES = YES;
				CODE_SIGN_STYLE = Automatic;
				DEVELOPMENT_TEAM = C2SHQVRLZV;
				INFOPLIST_FILE = GalleryUITests/Info.plist;
				LD_RUNPATH_SEARCH_PATHS = (
					"$(inherited)",
					"@executable_path/Frameworks",
					"@loader_path/Frameworks",
				);
				PRODUCT_BUNDLE_IDENTIFIER = com.Macchier.GalleryUITests;
				PRODUCT_NAME = "$(TARGET_NAME)";
				SWIFT_VERSION = 4.2;
				TARGETED_DEVICE_FAMILY = "1,2";
				TEST_TARGET_NAME = Gallery;
			};
			name = Debug;
		};
		CEB40DE22188405400F7D8A8 /* Release */ = {
			isa = XCBuildConfiguration;
			baseConfigurationReference = C67C321B29BE80A01094463A /* Pods-GalleryUITests.release.xcconfig */;
			buildSettings = {
				ALWAYS_EMBED_SWIFT_STANDARD_LIBRARIES = YES;
				CODE_SIGN_STYLE = Automatic;
				DEVELOPMENT_TEAM = C2SHQVRLZV;
				INFOPLIST_FILE = GalleryUITests/Info.plist;
				LD_RUNPATH_SEARCH_PATHS = (
					"$(inherited)",
					"@executable_path/Frameworks",
					"@loader_path/Frameworks",
				);
				PRODUCT_BUNDLE_IDENTIFIER = com.Macchier.GalleryUITests;
				PRODUCT_NAME = "$(TARGET_NAME)";
				SWIFT_VERSION = 4.2;
				TARGETED_DEVICE_FAMILY = "1,2";
				TEST_TARGET_NAME = Gallery;
			};
			name = Release;
		};
/* End XCBuildConfiguration section */

/* Begin XCConfigurationList section */
		CEB40DAD2188405200F7D8A8 /* Build configuration list for PBXProject "Gallery" */ = {
			isa = XCConfigurationList;
			buildConfigurations = (
				CEB40DD82188405400F7D8A8 /* Debug */,
				CEB40DD92188405400F7D8A8 /* Release */,
			);
			defaultConfigurationIsVisible = 0;
			defaultConfigurationName = Release;
		};
		CEB40DDA2188405400F7D8A8 /* Build configuration list for PBXNativeTarget "Gallery" */ = {
			isa = XCConfigurationList;
			buildConfigurations = (
				CEB40DDB2188405400F7D8A8 /* Debug */,
				CEB40DDC2188405400F7D8A8 /* Release */,
			);
			defaultConfigurationIsVisible = 0;
			defaultConfigurationName = Release;
		};
		CEB40DDD2188405400F7D8A8 /* Build configuration list for PBXNativeTarget "GalleryTests" */ = {
			isa = XCConfigurationList;
			buildConfigurations = (
				CEB40DDE2188405400F7D8A8 /* Debug */,
				CEB40DDF2188405400F7D8A8 /* Release */,
			);
			defaultConfigurationIsVisible = 0;
			defaultConfigurationName = Release;
		};
		CEB40DE02188405400F7D8A8 /* Build configuration list for PBXNativeTarget "GalleryUITests" */ = {
			isa = XCConfigurationList;
			buildConfigurations = (
				CEB40DE12188405400F7D8A8 /* Debug */,
				CEB40DE22188405400F7D8A8 /* Release */,
			);
			defaultConfigurationIsVisible = 0;
			defaultConfigurationName = Release;
		};
/* End XCConfigurationList section */
	};
	rootObject = CEB40DAA2188405200F7D8A8 /* Project object */;
}
